// !$*UTF8*$!
{
	archiveVersion = 1;
	classes = {
	};
	objectVersion = 48;
	objects = {

/* Begin PBXBuildFile section */
		C0DE09080000000000000001 /* MistSplash in Resources */ = {isa = PBXBuildFile; fileRef = C0DE09080000000000000002 /* MistSplash */; };
		C0DE09240000000000000001 /* Fonts in Resources */ = {isa = PBXBuildFile; fileRef = C0DE09240000000000000002 /* Fonts */; };
		2239D73AB32FB5FF31969C0B /* SplashView.swift in Sources */ = {isa = PBXBuildFile; fileRef = F2B572F65DE29D384C89D6A5 /* SplashView.swift */; };
		2FAD9763203C412B000D30F8 /* config.xml in Resources */ = {isa = PBXBuildFile; fileRef = 2FAD9762203C412B000D30F8 /* config.xml */; };
		9A11C0DE00084F8CA3D60B11 /* Akabara-Cinderella.ttf in Resources */ = {isa = PBXBuildFile; fileRef = 9A11C0DE00084F8CA3D60B22 /* Akabara-Cinderella.ttf */; };
		9A11C0DE00074F8CA3D60B11 /* ShigotoMemogaki.ttf in Resources */ = {isa = PBXBuildFile; fileRef = 9A11C0DE00074F8CA3D60B22 /* ShigotoMemogaki.ttf */; };
		9A11C0DE00064F8CA3D60B11 /* Tanugo-R-TTF.ttf in Resources */ = {isa = PBXBuildFile; fileRef = 9A11C0DE00064F8CA3D60B22 /* Tanugo-R-TTF.ttf */; };
		35A0019BCC3823CD268EF0A5 /* Theme.swift in Sources */ = {isa = PBXBuildFile; fileRef = 881453AC5C0212F4F3132131 /* Theme.swift */; };
		39671499582C96157471DA5D /* TerminalView.swift in Sources */ = {isa = PBXBuildFile; fileRef = 3B38F2E6CDFDA317AA6E2457 /* TerminalView.swift */; };
		3F92AD591DAA424958B5F1C3 /* ClawdView.swift in Sources */ = {isa = PBXBuildFile; fileRef = 34F66C325070B92D4F9F9758 /* ClawdView.swift */; };
		4BF591472FBA6D4215EAE680 /* ChatStore.swift in Sources */ = {isa = PBXBuildFile; fileRef = B8774650A336AF4502E9F11B /* ChatStore.swift */; };
		36522A3573B249D5AD75C38D /* LinkCard.swift in Sources */ = {isa = PBXBuildFile; fileRef = 61E583DC8F8C4FDC96FCC7A0 /* LinkCard.swift */; };
		7A1C4E9B02F1487CA3D60B11 /* PondView.swift in Sources */ = {isa = PBXBuildFile; fileRef = 7A1C4E9B02F1487CA3D60B22 /* PondView.swift */; };
		9A11C0DE000D4F8CA3D60B11 /* QipaiHistoryView.swift in Sources */ = {isa = PBXBuildFile; fileRef = 9A11C0DE000D4F8CA3D60B22 /* QipaiHistoryView.swift */; };
		9A11C0DE000E4F8CA3D60B11 /* QipaiMonopolyTableView.swift in Sources */ = {isa = PBXBuildFile; fileRef = 9A11C0DE000E4F8CA3D60B22 /* QipaiMonopolyTableView.swift */; };
		9A11C0DE000F4F8CA3D60B11 /* QipaiMahjongTableView.swift in Sources */ = {isa = PBXBuildFile; fileRef = 9A11C0DE000F4F8CA3D60B22 /* QipaiMahjongTableView.swift */; };
		9A11C0DE00104F8CA3D60B11 /* QipaiMahjongLandscapeView.swift in Sources */ = {isa = PBXBuildFile; fileRef = 9A11C0DE00104F8CA3D60B22 /* QipaiMahjongLandscapeView.swift */; };
		9A11C0DE00114F8CA3D60B11 /* TarotRoomView.swift in Sources */ = {isa = PBXBuildFile; fileRef = 9A11C0DE00114F8CA3D60B22 /* TarotRoomView.swift */; };
		9A11C0DE00114F8CA3D60C11 /* NurseryRoomView.swift in Sources */ = {isa = PBXBuildFile; fileRef = 9A11C0DE00114F8CA3D60C22 /* NurseryRoomView.swift */; };
		9A11C0DE09244F8CA3D60A11 /* KakaoTheme.swift in Sources */ = {isa = PBXBuildFile; fileRef = 9A11C0DE09244F8CA3D60A22 /* KakaoTheme.swift */; };
		9A11C0DE00114F8CA3D60D11 /* WalletRoomView.swift in Sources */ = {isa = PBXBuildFile; fileRef = 9A11C0DE00114F8CA3D60D22 /* WalletRoomView.swift */; };
		9A11C0DE00114F8CA3D60E11 /* BuyCardView.swift in Sources */ = {isa = PBXBuildFile; fileRef = 9A11C0DE00114F8CA3D60E22 /* BuyCardView.swift */; };
		9A11C0DE00114F8CA3D6EF01 /* TextEffects.swift in Sources */ = {isa = PBXBuildFile; fileRef = 9A11C0DE00114F8CA3D6EF02 /* TextEffects.swift */; };
		9A11C0DE000C4F8CA3D60B11 /* QipaiDaifugoTableView.swift in Sources */ = {isa = PBXBuildFile; fileRef = 9A11C0DE000C4F8CA3D60B22 /* QipaiDaifugoTableView.swift */; };
		9A11C0DE000B4F8CA3D60B11 /* QipaiUnoTableView.swift in Sources */ = {isa = PBXBuildFile; fileRef = 9A11C0DE000B4F8CA3D60B22 /* QipaiUnoTableView.swift */; };
		9A11C0DE000A4F8CA3D60B11 /* QipaiZjhTableView.swift in Sources */ = {isa = PBXBuildFile; fileRef = 9A11C0DE000A4F8CA3D60B22 /* QipaiZjhTableView.swift */; };
		9A11C0DE00094F8CA3D60B11 /* QipaiTableShell.swift in Sources */ = {isa = PBXBuildFile; fileRef = 9A11C0DE00094F8CA3D60B22 /* QipaiTableShell.swift */; };
		9A11C0DE00054F8CA3D60B11 /* QipaiDdzTableView.swift in Sources */ = {isa = PBXBuildFile; fileRef = 9A11C0DE00054F8CA3D60B22 /* QipaiDdzTableView.swift */; };
		9A11C0DE00044F8CA3D60B11 /* QipaiTableStore.swift in Sources */ = {isa = PBXBuildFile; fileRef = 9A11C0DE00044F8CA3D60B22 /* QipaiTableStore.swift */; };
		9A11C0DE00034F8CA3D60B11 /* QipaiLobbyView.swift in Sources */ = {isa = PBXBuildFile; fileRef = 9A11C0DE00034F8CA3D60B22 /* QipaiLobbyView.swift */; };
		9A11C0DE00024F8CA3D60B11 /* QipaiAPI.swift in Sources */ = {isa = PBXBuildFile; fileRef = 9A11C0DE00024F8CA3D60B22 /* QipaiAPI.swift */; };
		9A11C0DE00014F8CA3D60B11 /* QipaiKit.swift in Sources */ = {isa = PBXBuildFile; fileRef = 9A11C0DE00014F8CA3D60B22 /* QipaiKit.swift */; };
		9F08C9A377CC2A88120E949F /* RoofView.swift in Sources */ = {isa = PBXBuildFile; fileRef = E2C0AB9B0FDD869797EAFABD /* RoofView.swift */; };
		C0A7B11D0825C0A7B11D0825 /* CowatchView.swift in Sources */ = {isa = PBXBuildFile; fileRef = C0A7C11D0825C0A7C11D0825 /* CowatchView.swift */; };
		CC7AE80446EF724242594ECA /* FactoryView.swift in Sources */ = {isa = PBXBuildFile; fileRef = B06079EA1AAA555B7F41AB73 /* FactoryView.swift */; };
		3D2A603AF8852DCF1B9DA247 /* DigestView.swift in Sources */ = {isa = PBXBuildFile; fileRef = 51A683A1B174897B73A5BAFE /* DigestView.swift */; };
		4C4554544552424F58534F55 /* LetterboxView.swift in Sources */ = {isa = PBXBuildFile; fileRef = 4C4554544552424F58524546 /* LetterboxView.swift */; };
		BBEC7F0B772A618BB97517EF /* BrainView.swift in Sources */ = {isa = PBXBuildFile; fileRef = 29DC2591B0CEB11AFB244545 /* BrainView.swift */; };
		7A1C4E9B02F1487CA3D60D11 /* SearchFavoritesViews.swift in Sources */ = {isa = PBXBuildFile; fileRef = 7A1C4E9B02F1487CA3D60D22 /* SearchFavoritesViews.swift */; };
		7A1C4E9B02F1487CA3D60C11 /* GlassKit.swift in Sources */ = {isa = PBXBuildFile; fileRef = 7A1C4E9B02F1487CA3D60C22 /* GlassKit.swift */; };
		3295C71D0A9547A3BFFBAF2F /* JourneyCards.swift in Sources */ = {isa = PBXBuildFile; fileRef = 1BF14B3C1EC14000AF0FEF1A /* JourneyCards.swift */; };
		50379B232058CBB4000EE86E /* capacitor.config.json in Resources */ = {isa = PBXBuildFile; fileRef = 50379B222058CBB4000EE86E /* capacitor.config.json */; };
		504EC3081FED79650016851F /* AppDelegate.swift in Sources */ = {isa = PBXBuildFile; fileRef = 504EC3071FED79650016851F /* AppDelegate.swift */; };
		504EC30D1FED79650016851F /* Main.storyboard in Resources */ = {isa = PBXBuildFile; fileRef = 504EC30B1FED79650016851F /* Main.storyboard */; };
		504EC30F1FED79650016851F /* Assets.xcassets in Resources */ = {isa = PBXBuildFile; fileRef = 504EC30E1FED79650016851F /* Assets.xcassets */; };
		504EC3121FED79650016851F /* LaunchScreen.storyboard in Resources */ = {isa = PBXBuildFile; fileRef = 504EC3101FED79650016851F /* LaunchScreen.storyboard */; };
		50B271D11FEDC1A000F3C39B /* public in Resources */ = {isa = PBXBuildFile; fileRef = 50B271D01FEDC1A000F3C39B /* public */; };
		5FE3B65571604292AE1DA7EA /* RoundtableView.swift in Sources */ = {isa = PBXBuildFile; fileRef = 3741E52E6A20447091CC4E7A /* RoundtableView.swift */; };
		6ECECFA96ACA1E7FCB6EC4C9 /* VoiceRecorder.swift in Sources */ = {isa = PBXBuildFile; fileRef = 7C74573F468DECCBED204D37 /* VoiceRecorder.swift */; };
		71A4D2E30F9C4B1A8D7E6F20 /* NativeHouseAPI.swift in Sources */ = {isa = PBXBuildFile; fileRef = 91B5E3F41A0D4C2B9E8F7021 /* NativeHouseAPI.swift */; };
		8290508D999D2D95288C4322 /* StickerSheet.swift in Sources */ = {isa = PBXBuildFile; fileRef = A43B1091CD75CBF8CFA6480F /* StickerSheet.swift */; };
		82B5E3F41A0D4C2B9E8F7031 /* NativeHouseViews.swift in Sources */ = {isa = PBXBuildFile; fileRef = A2C6F4052B1E4D3C8F907132 /* NativeHouseViews.swift */; };
		9F1000000000000000000001 /* SurfCollectionView.swift in Sources */ = {isa = PBXBuildFile; fileRef = 9F2000000000000000000001 /* SurfCollectionView.swift */; };
		85D4F2FA9F9B3E53BD5F3230 /* ChatView.swift in Sources */ = {isa = PBXBuildFile; fileRef = F340C96B2615315FA0F9A88D /* ChatView.swift */; };
		A084ECDBA7D38E1E42DFC39D /* Pods_App.framework in Frameworks */ = {isa = PBXBuildFile; fileRef = AF277DCFFFF123FFC6DF26C7 /* Pods_App.framework */; };
		ABDCDCC599248F6315EFF53B /* PermissionsView.swift in Sources */ = {isa = PBXBuildFile; fileRef = 7F37315B0DBF4B21556FF7B9 /* PermissionsView.swift */; };
		B1BDCAE6D8014E5ECC1F3AF6 /* ChatModels.swift in Sources */ = {isa = PBXBuildFile; fileRef = A3013F89C6DE0E44B26E9DB7 /* ChatModels.swift */; };
		BF1000000000000000000001 /* BubbleGlassStyle.swift in Sources */ = {isa = PBXBuildFile; fileRef = BF2000000000000000000001 /* BubbleGlassStyle.swift */; };
		BF1000000000000000000002 /* BubbleGlassBackground.swift in Sources */ = {isa = PBXBuildFile; fileRef = BF2000000000000000000002 /* BubbleGlassBackground.swift */; };
		C3390367B9C7EF2C5CEC1265 /* RootView.swift in Sources */ = {isa = PBXBuildFile; fileRef = 0D0101790978C3955D31EB1E /* RootView.swift */; };
		C3524DA5B6D6F1BA5319F756 /* CapabilityLabView.swift in Sources */ = {isa = PBXBuildFile; fileRef = 05AE4790B0A789C3ABEED1B2 /* CapabilityLabView.swift */; };
		7A1C0821E0F1A2B3C4D5E6F2 /* ImageDiskCache.swift in Sources */ = {isa = PBXBuildFile; fileRef = 7A1C0821E0F1A2B3C4D5E6F1 /* ImageDiskCache.swift */; };
		CA0000000000000000000026 /* AlcoveLabAttributes.swift in Sources */ = {isa = PBXBuildFile; fileRef = CA0000000000000000000012 /* AlcoveLabAttributes.swift */; };
		C4CD19DA8E74F8992D7E1C30 /* SensorReporter.swift in Sources */ = {isa = PBXBuildFile; fileRef = D12D98086598F349D1863F76 /* SensorReporter.swift */; };
		CA110829000000000000C002 /* CallManager.swift in Sources */ = {isa = PBXBuildFile; fileRef = CA110829000000000000C001 /* CallManager.swift */; };
		CA110829000000000000C012 /* CallView.swift in Sources */ = {isa = PBXBuildFile; fileRef = CA110829000000000000C011 /* CallView.swift */; };
		F86F377DEB7B406E7D7A3E9C /* AlcoveAPI.swift in Sources */ = {isa = PBXBuildFile; fileRef = 0003258CF790522AD36EC318 /* AlcoveAPI.swift */; };
		FC3B74A7638C75994A8D97B7 /* WebViewPage.swift in Sources */ = {isa = PBXBuildFile; fileRef = 141B61BBC3ADE771BDF6329B /* WebViewPage.swift */; };
		CA0000000000000000000021 /* AlcoveCapabilityWidget.swift in Sources */ = {isa = PBXBuildFile; fileRef = CA0000000000000000000011 /* AlcoveCapabilityWidget.swift */; };
		CA0000000000000000000022 /* AlcoveLabAttributes.swift in Sources */ = {isa = PBXBuildFile; fileRef = CA0000000000000000000012 /* AlcoveLabAttributes.swift */; };
		CA0000000000000000000023 /* SampleHandler.swift in Sources */ = {isa = PBXBuildFile; fileRef = CA0000000000000000000013 /* SampleHandler.swift */; };
		CA0000000000000000000024 /* AlcoveCapabilityWidget.appex in Embed App Extensions */ = {isa = PBXBuildFile; fileRef = CA0000000000000000000001 /* AlcoveCapabilityWidget.appex */; settings = {ATTRIBUTES = (CodeSignOnCopy, RemoveHeadersOnCopy, ); }; };
		CA0000000000000000000025 /* BroadcastUpload.appex in Embed App Extensions */ = {isa = PBXBuildFile; fileRef = CA0000000000000000000002 /* BroadcastUpload.appex */; settings = {ATTRIBUTES = (CodeSignOnCopy, RemoveHeadersOnCopy, ); }; };
		CA0000000000000000000027 /* WidgetAssets.xcassets in Resources */ = {isa = PBXBuildFile; fileRef = CA0000000000000000000014 /* WidgetAssets.xcassets */; };
		AB0911000000000000000111 /* AlbumModels.swift in Sources */ = {isa = PBXBuildFile; fileRef = AB0911000000000000000122 /* AlbumModels.swift */; };
		AB0911000000000000000211 /* AlbumView.swift in Sources */ = {isa = PBXBuildFile; fileRef = AB0911000000000000000222 /* AlbumView.swift */; };
		AB0923000000000000000311 /* WindowView.swift in Sources */ = {isa = PBXBuildFile; fileRef = AB0923000000000000000322 /* WindowView.swift */; };
		AB0911000000000000000311 /* AlbumCards.swift in Sources */ = {isa = PBXBuildFile; fileRef = AB0911000000000000000322 /* AlbumCards.swift */; };
/* End PBXBuildFile section */

/* Begin PBXContainerItemProxy section */
		CA0000000000000000000091 /* PBXContainerItemProxy */ = {isa = PBXContainerItemProxy; containerPortal = 504EC2FC1FED79650016851F /* Project object */; proxyType = 1; remoteGlobalIDString = CA0000000000000000000071; remoteInfo = AlcoveCapabilityWidget; };
		CA0000000000000000000092 /* PBXContainerItemProxy */ = {isa = PBXContainerItemProxy; containerPortal = 504EC2FC1FED79650016851F /* Project object */; proxyType = 1; remoteGlobalIDString = CA0000000000000000000072; remoteInfo = BroadcastUpload; };
/* End PBXContainerItemProxy section */

/* Begin PBXCopyFilesBuildPhase section */
		CA0000000000000000000081 /* Embed App Extensions */ = {
			isa = PBXCopyFilesBuildPhase;
			buildActionMask = 2147483647;
			dstPath = "";
			dstSubfolderSpec = 13;
			files = (
				CA0000000000000000000024 /* AlcoveCapabilityWidget.appex in Embed App Extensions */,
				CA0000000000000000000025 /* BroadcastUpload.appex in Embed App Extensions */,
			);
			name = "Embed App Extensions";
			runOnlyForDeploymentPostprocessing = 0;
		};
/* End PBXCopyFilesBuildPhase section */

/* Begin PBXFileReference section */
		C0DE09080000000000000002 /* MistSplash */ = {isa = PBXFileReference; lastKnownFileType = folder; path = MistSplash; sourceTree = "<group>"; };
		C0DE09240000000000000002 /* Fonts */ = {isa = PBXFileReference; lastKnownFileType = folder; path = Fonts; sourceTree = "<group>"; };
		0003258CF790522AD36EC318 /* AlcoveAPI.swift */ = {isa = PBXFileReference; lastKnownFileType = sourcecode.swift; path = AlcoveAPI.swift; sourceTree = "<group>"; };
		05AE4790B0A789C3ABEED1B2 /* CapabilityLabView.swift */ = {isa = PBXFileReference; lastKnownFileType = sourcecode.swift; name = CapabilityLabView.swift; path = App/NativeChat/CapabilityLabView.swift; sourceTree = SOURCE_ROOT; };
		7A1C0821E0F1A2B3C4D5E6F1 /* ImageDiskCache.swift */ = {isa = PBXFileReference; lastKnownFileType = sourcecode.swift; name = ImageDiskCache.swift; path = App/NativeChat/ImageDiskCache.swift; sourceTree = SOURCE_ROOT; };
		0D0101790978C3955D31EB1E /* RootView.swift */ = {isa = PBXFileReference; lastKnownFileType = sourcecode.swift; path = RootView.swift; sourceTree = "<group>"; };
		141B61BBC3ADE771BDF6329B /* WebViewPage.swift */ = {isa = PBXFileReference; lastKnownFileType = sourcecode.swift; path = WebViewPage.swift; sourceTree = "<group>"; };
		2FAD9762203C412B000D30F8 /* config.xml */ = {isa = PBXFileReference; lastKnownFileType = text.xml; path = config.xml; sourceTree = "<group>"; };
		9A11C0DE00084F8CA3D60B22 /* Akabara-Cinderella.ttf */ = {isa = PBXFileReference; lastKnownFileType = file; path = "Akabara-Cinderella.ttf"; sourceTree = "<group>"; };
		9A11C0DE00074F8CA3D60B22 /* ShigotoMemogaki.ttf */ = {isa = PBXFileReference; lastKnownFileType = file; path = "ShigotoMemogaki.ttf"; sourceTree = "<group>"; };
		9A11C0DE00064F8CA3D60B22 /* Tanugo-R-TTF.ttf */ = {isa = PBXFileReference; lastKnownFileType = file; path = "Tanugo-R-TTF.ttf"; sourceTree = "<group>"; };
		34F66C325070B92D4F9F9758 /* ClawdView.swift */ = {isa = PBXFileReference; lastKnownFileType = sourcecode.swift; path = ClawdView.swift; sourceTree = "<group>"; };
		3741E52E6A20447091CC4E7A /* RoundtableView.swift */ = {isa = PBXFileReference; lastKnownFileType = sourcecode.swift; path = RoundtableView.swift; sourceTree = "<group>"; };
		3B38F2E6CDFDA317AA6E2457 /* TerminalView.swift */ = {isa = PBXFileReference; lastKnownFileType = sourcecode.swift; path = TerminalView.swift; sourceTree = "<group>"; };
		50379B222058CBB4000EE86E /* capacitor.config.json */ = {isa = PBXFileReference; fileEncoding = 4; lastKnownFileType = text.json; path = capacitor.config.json; sourceTree = "<group>"; };
		504EC3041FED79650016851F /* App.app */ = {isa = PBXFileReference; explicitFileType = wrapper.application; includeInIndex = 0; path = App.app; sourceTree = BUILT_PRODUCTS_DIR; };
		504EC3071FED79650016851F /* AppDelegate.swift */ = {isa = PBXFileReference; lastKnownFileType = sourcecode.swift; path = AppDelegate.swift; sourceTree = "<group>"; };
		504EC30C1FED79650016851F /* Base */ = {isa = PBXFileReference; lastKnownFileType = file.storyboard; name = Base; path = Base.lproj/Main.storyboard; sourceTree = "<group>"; };
		504EC30E1FED79650016851F /* Assets.xcassets */ = {isa = PBXFileReference; lastKnownFileType = folder.assetcatalog; path = Assets.xcassets; sourceTree = "<group>"; };
		504EC3111FED79650016851F /* Base */ = {isa = PBXFileReference; lastKnownFileType = file.storyboard; name = Base; path = Base.lproj/LaunchScreen.storyboard; sourceTree = "<group>"; };
		504EC3131FED79650016851F /* Info.plist */ = {isa = PBXFileReference; lastKnownFileType = text.plist.xml; path = Info.plist; sourceTree = "<group>"; };
		50B271D01FEDC1A000F3C39B /* public */ = {isa = PBXFileReference; lastKnownFileType = folder; path = public; sourceTree = "<group>"; };
		7C74573F468DECCBED204D37 /* VoiceRecorder.swift */ = {isa = PBXFileReference; lastKnownFileType = sourcecode.swift; path = VoiceRecorder.swift; sourceTree = "<group>"; };
		7F37315B0DBF4B21556FF7B9 /* PermissionsView.swift */ = {isa = PBXFileReference; lastKnownFileType = sourcecode.swift; path = PermissionsView.swift; sourceTree = "<group>"; };
		881453AC5C0212F4F3132131 /* Theme.swift */ = {isa = PBXFileReference; lastKnownFileType = sourcecode.swift; path = Theme.swift; sourceTree = "<group>"; };
		91B5E3F41A0D4C2B9E8F7021 /* NativeHouseAPI.swift */ = {isa = PBXFileReference; lastKnownFileType = sourcecode.swift; path = NativeHouseAPI.swift; sourceTree = "<group>"; };
		A2C6F4052B1E4D3C8F907132 /* NativeHouseViews.swift */ = {isa = PBXFileReference; lastKnownFileType = sourcecode.swift; path = NativeHouseViews.swift; sourceTree = "<group>"; };
		9F2000000000000000000001 /* SurfCollectionView.swift */ = {isa = PBXFileReference; lastKnownFileType = sourcecode.swift; path = SurfCollectionView.swift; sourceTree = "<group>"; };
		A3013F89C6DE0E44B26E9DB7 /* ChatModels.swift */ = {isa = PBXFileReference; lastKnownFileType = sourcecode.swift; path = ChatModels.swift; sourceTree = "<group>"; };
		A43B1091CD75CBF8CFA6480F /* StickerSheet.swift */ = {isa = PBXFileReference; lastKnownFileType = sourcecode.swift; path = StickerSheet.swift; sourceTree = "<group>"; };
		AF277DCFFFF123FFC6DF26C7 /* Pods_App.framework */ = {isa = PBXFileReference; explicitFileType = wrapper.framework; includeInIndex = 0; path = Pods_App.framework; sourceTree = BUILT_PRODUCTS_DIR; };
		AF51FD2D460BCFE21FA515B2 /* Pods-App.release.xcconfig */ = {isa = PBXFileReference; includeInIndex = 1; lastKnownFileType = text.xcconfig; name = "Pods-App.release.xcconfig"; path = "Pods/Target Support Files/Pods-App/Pods-App.release.xcconfig"; sourceTree = "<group>"; };
		B8774650A336AF4502E9F11B /* ChatStore.swift */ = {isa = PBXFileReference; lastKnownFileType = sourcecode.swift; path = ChatStore.swift; sourceTree = "<group>"; };
		61E583DC8F8C4FDC96FCC7A0 /* LinkCard.swift */ = {isa = PBXFileReference; lastKnownFileType = sourcecode.swift; path = LinkCard.swift; sourceTree = "<group>"; };
		7A1C4E9B02F1487CA3D60B22 /* PondView.swift */ = {isa = PBXFileReference; lastKnownFileType = sourcecode.swift; path = PondView.swift; sourceTree = "<group>"; };
		9A11C0DE000D4F8CA3D60B22 /* QipaiHistoryView.swift */ = {isa = PBXFileReference; lastKnownFileType = sourcecode.swift; path = QipaiHistoryView.swift; sourceTree = "<group>"; };
		9A11C0DE000E4F8CA3D60B22 /* QipaiMonopolyTableView.swift */ = {isa = PBXFileReference; lastKnownFileType = sourcecode.swift; path = QipaiMonopolyTableView.swift; sourceTree = "<group>"; };
		9A11C0DE000F4F8CA3D60B22 /* QipaiMahjongTableView.swift */ = {isa = PBXFileReference; lastKnownFileType = sourcecode.swift; path = QipaiMahjongTableView.swift; sourceTree = "<group>"; };
		9A11C0DE00104F8CA3D60B22 /* QipaiMahjongLandscapeView.swift */ = {isa = PBXFileReference; lastKnownFileType = sourcecode.swift; path = QipaiMahjongLandscapeView.swift; sourceTree = "<group>"; };
		9A11C0DE00114F8CA3D60B22 /* TarotRoomView.swift */ = {isa = PBXFileReference; lastKnownFileType = sourcecode.swift; path = TarotRoomView.swift; sourceTree = "<group>"; };
		9A11C0DE00114F8CA3D60C22 /* NurseryRoomView.swift */ = {isa = PBXFileReference; lastKnownFileType = sourcecode.swift; path = NurseryRoomView.swift; sourceTree = "<group>"; };
		9A11C0DE09244F8CA3D60A22 /* KakaoTheme.swift */ = {isa = PBXFileReference; lastKnownFileType = sourcecode.swift; path = KakaoTheme.swift; sourceTree = "<group>"; };
		9A11C0DE00114F8CA3D60D22 /* WalletRoomView.swift */ = {isa = PBXFileReference; lastKnownFileType = sourcecode.swift; path = WalletRoomView.swift; sourceTree = "<group>"; };
		9A11C0DE00114F8CA3D60E22 /* BuyCardView.swift */ = {isa = PBXFileReference; lastKnownFileType = sourcecode.swift; path = BuyCardView.swift; sourceTree = "<group>"; };
		9A11C0DE00114F8CA3D6EF02 /* TextEffects.swift */ = {isa = PBXFileReference; lastKnownFileType = sourcecode.swift; path = TextEffects.swift; sourceTree = "<group>"; };
		9A11C0DE000C4F8CA3D60B22 /* QipaiDaifugoTableView.swift */ = {isa = PBXFileReference; lastKnownFileType = sourcecode.swift; path = QipaiDaifugoTableView.swift; sourceTree = "<group>"; };
		9A11C0DE000B4F8CA3D60B22 /* QipaiUnoTableView.swift */ = {isa = PBXFileReference; lastKnownFileType = sourcecode.swift; path = QipaiUnoTableView.swift; sourceTree = "<group>"; };
		9A11C0DE000A4F8CA3D60B22 /* QipaiZjhTableView.swift */ = {isa = PBXFileReference; lastKnownFileType = sourcecode.swift; path = QipaiZjhTableView.swift; sourceTree = "<group>"; };
		9A11C0DE00094F8CA3D60B22 /* QipaiTableShell.swift */ = {isa = PBXFileReference; lastKnownFileType = sourcecode.swift; path = QipaiTableShell.swift; sourceTree = "<group>"; };
		9A11C0DE00054F8CA3D60B22 /* QipaiDdzTableView.swift */ = {isa = PBXFileReference; lastKnownFileType = sourcecode.swift; path = QipaiDdzTableView.swift; sourceTree = "<group>"; };
		9A11C0DE00044F8CA3D60B22 /* QipaiTableStore.swift */ = {isa = PBXFileReference; lastKnownFileType = sourcecode.swift; path = QipaiTableStore.swift; sourceTree = "<group>"; };
		9A11C0DE00034F8CA3D60B22 /* QipaiLobbyView.swift */ = {isa = PBXFileReference; lastKnownFileType = sourcecode.swift; path = QipaiLobbyView.swift; sourceTree = "<group>"; };
		9A11C0DE00024F8CA3D60B22 /* QipaiAPI.swift */ = {isa = PBXFileReference; lastKnownFileType = sourcecode.swift; path = QipaiAPI.swift; sourceTree = "<group>"; };
		9A11C0DE00014F8CA3D60B22 /* QipaiKit.swift */ = {isa = PBXFileReference; lastKnownFileType = sourcecode.swift; path = QipaiKit.swift; sourceTree = "<group>"; };
		E2C0AB9B0FDD869797EAFABD /* RoofView.swift */ = {isa = PBXFileReference; lastKnownFileType = sourcecode.swift; path = RoofView.swift; sourceTree = "<group>"; };
		C0A7C11D0825C0A7C11D0825 /* CowatchView.swift */ = {isa = PBXFileReference; lastKnownFileType = sourcecode.swift; path = CowatchView.swift; sourceTree = "<group>"; };
		B06079EA1AAA555B7F41AB73 /* FactoryView.swift */ = {isa = PBXFileReference; lastKnownFileType = sourcecode.swift; path = FactoryView.swift; sourceTree = "<group>"; };
		51A683A1B174897B73A5BAFE /* DigestView.swift */ = {isa = PBXFileReference; lastKnownFileType = sourcecode.swift; path = DigestView.swift; sourceTree = "<group>"; };
		4C4554544552424F58524546 /* LetterboxView.swift */ = {isa = PBXFileReference; lastKnownFileType = sourcecode.swift; path = LetterboxView.swift; sourceTree = "<group>"; };
		29DC2591B0CEB11AFB244545 /* BrainView.swift */ = {isa = PBXFileReference; lastKnownFileType = sourcecode.swift; path = BrainView.swift; sourceTree = "<group>"; };
		7A1C4E9B02F1487CA3D60D22 /* SearchFavoritesViews.swift */ = {isa = PBXFileReference; lastKnownFileType = sourcecode.swift; path = SearchFavoritesViews.swift; sourceTree = "<group>"; };
		7A1C4E9B02F1487CA3D60C22 /* GlassKit.swift */ = {isa = PBXFileReference; lastKnownFileType = sourcecode.swift; path = GlassKit.swift; sourceTree = "<group>"; };
		1BF14B3C1EC14000AF0FEF1A /* JourneyCards.swift */ = {isa = PBXFileReference; lastKnownFileType = sourcecode.swift; path = JourneyCards.swift; sourceTree = "<group>"; };
		BF2000000000000000000001 /* BubbleGlassStyle.swift */ = {isa = PBXFileReference; lastKnownFileType = sourcecode.swift; path = BubbleGlassStyle.swift; sourceTree = "<group>"; };
		BF2000000000000000000002 /* BubbleGlassBackground.swift */ = {isa = PBXFileReference; lastKnownFileType = sourcecode.swift; path = BubbleGlassBackground.swift; sourceTree = "<group>"; };
		D12D98086598F349D1863F76 /* SensorReporter.swift */ = {isa = PBXFileReference; lastKnownFileType = sourcecode.swift; path = SensorReporter.swift; sourceTree = "<group>"; };
		CA110829000000000000C001 /* CallManager.swift */ = {isa = PBXFileReference; lastKnownFileType = sourcecode.swift; path = CallManager.swift; sourceTree = "<group>"; };
		CA110829000000000000C011 /* CallView.swift */ = {isa = PBXFileReference; lastKnownFileType = sourcecode.swift; path = CallView.swift; sourceTree = "<group>"; };
		F2B572F65DE29D384C89D6A5 /* SplashView.swift */ = {isa = PBXFileReference; lastKnownFileType = sourcecode.swift; path = SplashView.swift; sourceTree = "<group>"; };
		F340C96B2615315FA0F9A88D /* ChatView.swift */ = {isa = PBXFileReference; lastKnownFileType = sourcecode.swift; path = ChatView.swift; sourceTree = "<group>"; };
		FC68EB0AF532CFC21C3344DD /* Pods-App.debug.xcconfig */ = {isa = PBXFileReference; includeInIndex = 1; lastKnownFileType = text.xcconfig; name = "Pods-App.debug.xcconfig"; path = "Pods/Target Support Files/Pods-App/Pods-App.debug.xcconfig"; sourceTree = "<group>"; };
		CA0000000000000000000001 /* AlcoveCapabilityWidget.appex */ = {isa = PBXFileReference; explicitFileType = "wrapper.app-extension"; includeInIndex = 0; path = AlcoveCapabilityWidget.appex; sourceTree = BUILT_PRODUCTS_DIR; };
		CA0000000000000000000002 /* BroadcastUpload.appex */ = {isa = PBXFileReference; explicitFileType = "wrapper.app-extension"; includeInIndex = 0; path = BroadcastUpload.appex; sourceTree = BUILT_PRODUCTS_DIR; };
		CA0000000000000000000011 /* AlcoveCapabilityWidget.swift */ = {isa = PBXFileReference; lastKnownFileType = sourcecode.swift; path = AlcoveCapabilityWidget.swift; sourceTree = "<group>"; };
		CA0000000000000000000012 /* AlcoveLabAttributes.swift */ = {isa = PBXFileReference; lastKnownFileType = sourcecode.swift; name = AlcoveLabAttributes.swift; path = CapabilityExtensions/Shared/AlcoveLabAttributes.swift; sourceTree = SOURCE_ROOT; };
		CA0000000000000000000013 /* SampleHandler.swift */ = {isa = PBXFileReference; lastKnownFileType = sourcecode.swift; path = SampleHandler.swift; sourceTree = "<group>"; };
		CA0000000000000000000014 /* WidgetAssets.xcassets */ = {isa = PBXFileReference; lastKnownFileType = folder.assetcatalog; path = WidgetAssets.xcassets; sourceTree = "<group>"; };
		AB0911000000000000000122 /* AlbumModels.swift */ = {isa = PBXFileReference; lastKnownFileType = sourcecode.swift; path = AlbumModels.swift; sourceTree = "<group>"; };
		AB0911000000000000000222 /* AlbumView.swift */ = {isa = PBXFileReference; lastKnownFileType = sourcecode.swift; path = AlbumView.swift; sourceTree = "<group>"; };
		AB0923000000000000000322 /* WindowView.swift */ = {isa = PBXFileReference; lastKnownFileType = sourcecode.swift; path = WindowView.swift; sourceTree = "<group>"; };
		AB0911000000000000000322 /* AlbumCards.swift */ = {isa = PBXFileReference; lastKnownFileType = sourcecode.swift; path = AlbumCards.swift; sourceTree = "<group>"; };
/* End PBXFileReference section */

/* Begin PBXFrameworksBuildPhase section */
		504EC3011FED79650016851F /* Frameworks */ = {
			isa = PBXFrameworksBuildPhase;
			buildActionMask = 2147483647;
			files = (
				A084ECDBA7D38E1E42DFC39D /* Pods_App.framework in Frameworks */,
			);
			runOnlyForDeploymentPostprocessing = 0;
		};
		CA0000000000000000000041 /* Frameworks */ = {
			isa = PBXFrameworksBuildPhase;
			buildActionMask = 2147483647;
			files = ( );
			runOnlyForDeploymentPostprocessing = 0;
		};
		CA0000000000000000000042 /* Frameworks */ = {
			isa = PBXFrameworksBuildPhase;
			buildActionMask = 2147483647;
			files = ( );
			runOnlyForDeploymentPostprocessing = 0;
		};
/* End PBXFrameworksBuildPhase section */

/* Begin PBXGroup section */
		27E2DDA53C4D2A4D1A88CE4A /* Frameworks */ = {
			isa = PBXGroup;
			children = (
				AF277DCFFFF123FFC6DF26C7 /* Pods_App.framework */,
			);
			name = Frameworks;
			sourceTree = "<group>";
		};
		504EC2FB1FED79650016851F = {
			isa = PBXGroup;
			children = (
				504EC3061FED79650016851F /* App */,
				504EC3051FED79650016851F /* Products */,
				7F8756D8B27F46E3366F6CEA /* Pods */,
				27E2DDA53C4D2A4D1A88CE4A /* Frameworks */,
				05AE4790B0A789C3ABEED1B2 /* CapabilityLabView.swift */,
				7A1C0821E0F1A2B3C4D5E6F1 /* ImageDiskCache.swift */,
				CA0000000000000000000033 /* CapabilityExtensions */,
			);
			sourceTree = "<group>";
		};
		504EC3051FED79650016851F /* Products */ = {
			isa = PBXGroup;
			children = (
				504EC3041FED79650016851F /* App.app */,
				CA0000000000000000000001 /* AlcoveCapabilityWidget.appex */,
				CA0000000000000000000002 /* BroadcastUpload.appex */,
			);
			name = Products;
			sourceTree = "<group>";
		};
		504EC3061FED79650016851F /* App */ = {
			isa = PBXGroup;
			children = (
				50379B222058CBB4000EE86E /* capacitor.config.json */,
				504EC3071FED79650016851F /* AppDelegate.swift */,
				AE8315E30A2147A4EBA22461 /* NativeChat */,
				C0DE09080000000000000002 /* MistSplash */,
				C0DE09240000000000000002 /* Fonts */,
				504EC30B1FED79650016851F /* Main.storyboard */,
				504EC30E1FED79650016851F /* Assets.xcassets */,
				504EC3101FED79650016851F /* LaunchScreen.storyboard */,
				504EC3131FED79650016851F /* Info.plist */,
				2FAD9762203C412B000D30F8 /* config.xml */,
				9A11C0DE00084F8CA3D60B22 /* Akabara-Cinderella.ttf */,
				9A11C0DE00074F8CA3D60B22 /* ShigotoMemogaki.ttf */,
				9A11C0DE00064F8CA3D60B22 /* Tanugo-R-TTF.ttf */,
				50B271D01FEDC1A000F3C39B /* public */,
			);
			path = App;
			sourceTree = "<group>";
		};
		7F8756D8B27F46E3366F6CEA /* Pods */ = {
			isa = PBXGroup;
			children = (
				FC68EB0AF532CFC21C3344DD /* Pods-App.debug.xcconfig */,
				AF51FD2D460BCFE21FA515B2 /* Pods-App.release.xcconfig */,
			);
			name = Pods;
			sourceTree = "<group>";
		};
		AE8315E30A2147A4EBA22461 /* NativeChat */ = {
			isa = PBXGroup;
			children = (
				A3013F89C6DE0E44B26E9DB7 /* ChatModels.swift */,
				0003258CF790522AD36EC318 /* AlcoveAPI.swift */,
				B8774650A336AF4502E9F11B /* ChatStore.swift */,
				61E583DC8F8C4FDC96FCC7A0 /* LinkCard.swift */,
				7A1C4E9B02F1487CA3D60B22 /* PondView.swift */,
				9A11C0DE000D4F8CA3D60B22 /* QipaiHistoryView.swift */,
				9A11C0DE000E4F8CA3D60B22 /* QipaiMonopolyTableView.swift */,
				9A11C0DE000F4F8CA3D60B22 /* QipaiMahjongTableView.swift */,
				9A11C0DE00104F8CA3D60B22 /* QipaiMahjongLandscapeView.swift */,
				9A11C0DE00114F8CA3D60B22 /* TarotRoomView.swift */,
				9A11C0DE00114F8CA3D60C22 /* NurseryRoomView.swift */,
				9A11C0DE09244F8CA3D60A22 /* KakaoTheme.swift */,
				9A11C0DE00114F8CA3D60D22 /* WalletRoomView.swift */,
				9A11C0DE00114F8CA3D60E22 /* BuyCardView.swift */,
				9A11C0DE00114F8CA3D6EF02 /* TextEffects.swift */,
				AB0911000000000000000322 /* AlbumCards.swift */,
				AB0911000000000000000222 /* AlbumView.swift */,
				AB0923000000000000000322 /* WindowView.swift */,
				AB0911000000000000000122 /* AlbumModels.swift */,
				9A11C0DE000C4F8CA3D60B22 /* QipaiDaifugoTableView.swift */,
				9A11C0DE000B4F8CA3D60B22 /* QipaiUnoTableView.swift */,
				9A11C0DE000A4F8CA3D60B22 /* QipaiZjhTableView.swift */,
				9A11C0DE00094F8CA3D60B22 /* QipaiTableShell.swift */,
				9A11C0DE00054F8CA3D60B22 /* QipaiDdzTableView.swift */,
				9A11C0DE00044F8CA3D60B22 /* QipaiTableStore.swift */,
				9A11C0DE00034F8CA3D60B22 /* QipaiLobbyView.swift */,
				9A11C0DE00024F8CA3D60B22 /* QipaiAPI.swift */,
				9A11C0DE00014F8CA3D60B22 /* QipaiKit.swift */,
				E2C0AB9B0FDD869797EAFABD /* RoofView.swift */,
				C0A7C11D0825C0A7C11D0825 /* CowatchView.swift */,
				B06079EA1AAA555B7F41AB73 /* FactoryView.swift */,
				51A683A1B174897B73A5BAFE /* DigestView.swift */,
				4C4554544552424F58524546 /* LetterboxView.swift */,
				29DC2591B0CEB11AFB244545 /* BrainView.swift */,
				7A1C4E9B02F1487CA3D60D22 /* SearchFavoritesViews.swift */,
				7A1C4E9B02F1487CA3D60C22 /* GlassKit.swift */,
				1BF14B3C1EC14000AF0FEF1A /* JourneyCards.swift */,
				F340C96B2615315FA0F9A88D /* ChatView.swift */,
				3741E52E6A20447091CC4E7A /* RoundtableView.swift */,
				BF2000000000000000000001 /* BubbleGlassStyle.swift */,
				BF2000000000000000000002 /* BubbleGlassBackground.swift */,
				141B61BBC3ADE771BDF6329B /* WebViewPage.swift */,
				0D0101790978C3955D31EB1E /* RootView.swift */,
				91B5E3F41A0D4C2B9E8F7021 /* NativeHouseAPI.swift */,
				A2C6F4052B1E4D3C8F907132 /* NativeHouseViews.swift */,
				9F2000000000000000000001 /* SurfCollectionView.swift */,
				34F66C325070B92D4F9F9758 /* ClawdView.swift */,
				3B38F2E6CDFDA317AA6E2457 /* TerminalView.swift */,
				7F37315B0DBF4B21556FF7B9 /* PermissionsView.swift */,
				D12D98086598F349D1863F76 /* SensorReporter.swift */,
				CA110829000000000000C001 /* CallManager.swift */,
				CA110829000000000000C011 /* CallView.swift */,
				881453AC5C0212F4F3132131 /* Theme.swift */,
				A43B1091CD75CBF8CFA6480F /* StickerSheet.swift */,
				7C74573F468DECCBED204D37 /* VoiceRecorder.swift */,
				F2B572F65DE29D384C89D6A5 /* SplashView.swift */,
			);
			path = NativeChat;
			sourceTree = "<group>";
		};
		CA0000000000000000000033 /* CapabilityExtensions */ = {
			isa = PBXGroup;
			children = (CA0000000000000000000031 /* Widget */, CA0000000000000000000032 /* Broadcast */, );
			path = CapabilityExtensions;
			sourceTree = "<group>";
		};
		CA0000000000000000000031 /* Widget */ = {
			isa = PBXGroup;
			children = (CA0000000000000000000011 /* AlcoveCapabilityWidget.swift */, CA0000000000000000000012 /* AlcoveLabAttributes.swift */, CA0000000000000000000014 /* WidgetAssets.xcassets */, );
			path = Widget;
			sourceTree = "<group>";
		};
		CA0000000000000000000032 /* Broadcast */ = {
			isa = PBXGroup;
			children = (CA0000000000000000000013 /* SampleHandler.swift */, );
			path = Broadcast;
			sourceTree = "<group>";
		};
/* End PBXGroup section */

/* Begin PBXNativeTarget section */
		504EC3031FED79650016851F /* App */ = {
			isa = PBXNativeTarget;
			buildConfigurationList = 504EC3161FED79650016851F /* Build configuration list for PBXNativeTarget "App" */;
			buildPhases = (
				6634F4EFEBD30273BCE97C65 /* [CP] Check Pods Manifest.lock */,
				504EC3001FED79650016851F /* Sources */,
				504EC3011FED79650016851F /* Frameworks */,
				504EC3021FED79650016851F /* Resources */,
				9592DBEFFC6D2A0C8D5DEB22 /* [CP] Embed Pods Frameworks */,
				CA0000000000000000000081 /* Embed App Extensions */,
			);
			buildRules = (
			);
			dependencies = (
				CA0000000000000000000093 /* PBXTargetDependency */,
				CA0000000000000000000094 /* PBXTargetDependency */,
			);
			name = App;
			productName = App;
			productReference = 504EC3041FED79650016851F /* App.app */;
			productType = "com.apple.product-type.application";
		};
		CA0000000000000000000071 /* AlcoveCapabilityWidget */ = {
			isa = PBXNativeTarget;
			buildConfigurationList = CA00000000000000000000B1 /* Build configuration list for PBXNativeTarget "AlcoveCapabilityWidget" */;
			buildPhases = (CA0000000000000000000051 /* Sources */, CA0000000000000000000041 /* Frameworks */, CA0000000000000000000061 /* Resources */, );
			buildRules = ( ); dependencies = ( );
			name = AlcoveCapabilityWidget; productName = AlcoveCapabilityWidget;
			productReference = CA0000000000000000000001 /* AlcoveCapabilityWidget.appex */;
			productType = "com.apple.product-type.app-extension";
		};
		CA0000000000000000000072 /* BroadcastUpload */ = {
			isa = PBXNativeTarget;
			buildConfigurationList = CA00000000000000000000B2 /* Build configuration list for PBXNativeTarget "BroadcastUpload" */;
			buildPhases = (CA0000000000000000000052 /* Sources */, CA0000000000000000000042 /* Frameworks */, CA0000000000000000000062 /* Resources */, );
			buildRules = ( ); dependencies = ( );
			name = BroadcastUpload; productName = BroadcastUpload;
			productReference = CA0000000000000000000002 /* BroadcastUpload.appex */;
			productType = "com.apple.product-type.app-extension";
		};
/* End PBXNativeTarget section */

/* Begin PBXProject section */
		504EC2FC1FED79650016851F /* Project object */ = {
			isa = PBXProject;
			attributes = {
				LastSwiftUpdateCheck = 0920;
				LastUpgradeCheck = 0920;
				TargetAttributes = {
					CA0000000000000000000071 = { CreatedOnToolsVersion = 26.0; ProvisioningStyle = Automatic; };
					CA0000000000000000000072 = { CreatedOnToolsVersion = 26.0; ProvisioningStyle = Automatic; };
					504EC3031FED79650016851F = {
						CreatedOnToolsVersion = 9.2;
						LastSwiftMigration = 1100;
						ProvisioningStyle = Automatic;
					};
				};
			};
			buildConfigurationList = 504EC2FF1FED79650016851F /* Build configuration list for PBXProject "App" */;
			compatibilityVersion = "Xcode 8.0";
			developmentRegion = en;
			hasScannedForEncodings = 0;
			knownRegions = (
				en,
				Base,
			);
			mainGroup = 504EC2FB1FED79650016851F;
			packageReferences = (
			);
			productRefGroup = 504EC3051FED79650016851F /* Products */;
			projectDirPath = "";
			projectRoot = "";
			targets = (
				504EC3031FED79650016851F /* App */,
				CA0000000000000000000071 /* AlcoveCapabilityWidget */,
				CA0000000000000000000072 /* BroadcastUpload */,
			);
		};
/* End PBXProject section */

/* Begin PBXResourcesBuildPhase section */
		504EC3021FED79650016851F /* Resources */ = {
			isa = PBXResourcesBuildPhase;
			buildActionMask = 2147483647;
			files = (
				504EC3121FED79650016851F /* LaunchScreen.storyboard in Resources */,
				C0DE09080000000000000001 /* MistSplash in Resources */,
				C0DE09240000000000000001 /* Fonts in Resources */,
				50B271D11FEDC1A000F3C39B /* public in Resources */,
				504EC30F1FED79650016851F /* Assets.xcassets in Resources */,
				50379B232058CBB4000EE86E /* capacitor.config.json in Resources */,
				504EC30D1FED79650016851F /* Main.storyboard in Resources */,
				2FAD9763203C412B000D30F8 /* config.xml in Resources */,
				9A11C0DE00084F8CA3D60B11 /* Akabara-Cinderella.ttf in Resources */,
				9A11C0DE00074F8CA3D60B11 /* ShigotoMemogaki.ttf in Resources */,
				9A11C0DE00064F8CA3D60B11 /* Tanugo-R-TTF.ttf in Resources */,
			);
			runOnlyForDeploymentPostprocessing = 0;
		};
		CA0000000000000000000061 /* Resources */ = {isa = PBXResourcesBuildPhase; buildActionMask = 2147483647; files = (CA0000000000000000000027 /* WidgetAssets.xcassets in Resources */, ); runOnlyForDeploymentPostprocessing = 0; };
		CA0000000000000000000062 /* Resources */ = {isa = PBXResourcesBuildPhase; buildActionMask = 2147483647; files = ( ); runOnlyForDeploymentPostprocessing = 0; };
/* End PBXResourcesBuildPhase section */

/* Begin PBXShellScriptBuildPhase section */
		6634F4EFEBD30273BCE97C65 /* [CP] Check Pods Manifest.lock */ = {
			isa = PBXShellScriptBuildPhase;
			buildActionMask = 2147483647;
			files = (
			);
			inputPaths = (
				"${PODS_PODFILE_DIR_PATH}/Podfile.lock",
				"${PODS_ROOT}/Manifest.lock",
			);
			name = "[CP] Check Pods Manifest.lock";
			outputPaths = (
				"$(DERIVED_FILE_DIR)/Pods-App-checkManifestLockResult.txt",
			);
			runOnlyForDeploymentPostprocessing = 0;
			shellPath = /bin/sh;
			shellScript = "diff \"${PODS_PODFILE_DIR_PATH}/Podfile.lock\" \"${PODS_ROOT}/Manifest.lock\" > /dev/null\nif [ $? != 0 ] ; then\n    # print error to STDERR\n    echo \"error: The sandbox is not in sync with the Podfile.lock. Run 'pod install' or update your CocoaPods installation.\" >&2\n    exit 1\nfi\n# This output is used by Xcode 'outputs' to avoid re-running this script phase.\necho \"SUCCESS\" > \"${SCRIPT_OUTPUT_FILE_0}\"\n";
			showEnvVarsInLog = 0;
		};
		9592DBEFFC6D2A0C8D5DEB22 /* [CP] Embed Pods Frameworks */ = {
			isa = PBXShellScriptBuildPhase;
			buildActionMask = 2147483647;
			files = (
			);
			inputPaths = (
			);
			name = "[CP] Embed Pods Frameworks";
			outputPaths = (
			);
			runOnlyForDeploymentPostprocessing = 0;
			shellPath = /bin/sh;
			shellScript = "\"${PODS_ROOT}/Target Support Files/Pods-App/Pods-App-frameworks.sh\"\n";
			showEnvVarsInLog = 0;
		};
/* End PBXShellScriptBuildPhase section */

/* Begin PBXSourcesBuildPhase section */
		504EC3001FED79650016851F /* Sources */ = {
			isa = PBXSourcesBuildPhase;
			buildActionMask = 2147483647;
			files = (
				504EC3081FED79650016851F /* AppDelegate.swift in Sources */,
				B1BDCAE6D8014E5ECC1F3AF6 /* ChatModels.swift in Sources */,
				F86F377DEB7B406E7D7A3E9C /* AlcoveAPI.swift in Sources */,
				4BF591472FBA6D4215EAE680 /* ChatStore.swift in Sources */,
				36522A3573B249D5AD75C38D /* LinkCard.swift in Sources */,
				7A1C4E9B02F1487CA3D60B11 /* PondView.swift in Sources */,
				9A11C0DE000D4F8CA3D60B11 /* QipaiHistoryView.swift in Sources */,
				9A11C0DE000E4F8CA3D60B11 /* QipaiMonopolyTableView.swift in Sources */,
				9A11C0DE000F4F8CA3D60B11 /* QipaiMahjongTableView.swift in Sources */,
				9A11C0DE00104F8CA3D60B11 /* QipaiMahjongLandscapeView.swift in Sources */,
				9A11C0DE00114F8CA3D60B11 /* TarotRoomView.swift in Sources */,
				9A11C0DE00114F8CA3D60C11 /* NurseryRoomView.swift in Sources */,
				9A11C0DE09244F8CA3D60A11 /* KakaoTheme.swift in Sources */,
				9A11C0DE00114F8CA3D60D11 /* WalletRoomView.swift in Sources */,
				9A11C0DE00114F8CA3D60E11 /* BuyCardView.swift in Sources */,
				9A11C0DE00114F8CA3D6EF01 /* TextEffects.swift in Sources */,
				AB0911000000000000000311 /* AlbumCards.swift in Sources */,
				AB0911000000000000000211 /* AlbumView.swift in Sources */,
				AB0923000000000000000311 /* WindowView.swift in Sources */,
				AB0911000000000000000111 /* AlbumModels.swift in Sources */,
				9A11C0DE000C4F8CA3D60B11 /* QipaiDaifugoTableView.swift in Sources */,
				9A11C0DE000B4F8CA3D60B11 /* QipaiUnoTableView.swift in Sources */,
				9A11C0DE000A4F8CA3D60B11 /* QipaiZjhTableView.swift in Sources */,
				9A11C0DE00094F8CA3D60B11 /* QipaiTableShell.swift in Sources */,
				9A11C0DE00054F8CA3D60B11 /* QipaiDdzTableView.swift in Sources */,
				9A11C0DE00044F8CA3D60B11 /* QipaiTableStore.swift in Sources */,
				9A11C0DE00034F8CA3D60B11 /* QipaiLobbyView.swift in Sources */,
				9A11C0DE00024F8CA3D60B11 /* QipaiAPI.swift in Sources */,
				9A11C0DE00014F8CA3D60B11 /* QipaiKit.swift in Sources */,
				9F08C9A377CC2A88120E949F /* RoofView.swift in Sources */,
				C0A7B11D0825C0A7B11D0825 /* CowatchView.swift in Sources */,
				CC7AE80446EF724242594ECA /* FactoryView.swift in Sources */,
				3D2A603AF8852DCF1B9DA247 /* DigestView.swift in Sources */,
				4C4554544552424F58534F55 /* LetterboxView.swift in Sources */,
				BBEC7F0B772A618BB97517EF /* BrainView.swift in Sources */,
				7A1C4E9B02F1487CA3D60D11 /* SearchFavoritesViews.swift in Sources */,
				7A1C4E9B02F1487CA3D60C11 /* GlassKit.swift in Sources */,
				3295C71D0A9547A3BFFBAF2F /* JourneyCards.swift in Sources */,
				85D4F2FA9F9B3E53BD5F3230 /* ChatView.swift in Sources */,
				5FE3B65571604292AE1DA7EA /* RoundtableView.swift in Sources */,
				BF1000000000000000000001 /* BubbleGlassStyle.swift in Sources */,
				BF1000000000000000000002 /* BubbleGlassBackground.swift in Sources */,
				FC3B74A7638C75994A8D97B7 /* WebViewPage.swift in Sources */,
				C3390367B9C7EF2C5CEC1265 /* RootView.swift in Sources */,
				71A4D2E30F9C4B1A8D7E6F20 /* NativeHouseAPI.swift in Sources */,
				82B5E3F41A0D4C2B9E8F7031 /* NativeHouseViews.swift in Sources */,
				9F1000000000000000000001 /* SurfCollectionView.swift in Sources */,
				3F92AD591DAA424958B5F1C3 /* ClawdView.swift in Sources */,
				39671499582C96157471DA5D /* TerminalView.swift in Sources */,
				ABDCDCC599248F6315EFF53B /* PermissionsView.swift in Sources */,
				C4CD19DA8E74F8992D7E1C30 /* SensorReporter.swift in Sources */,
				CA110829000000000000C002 /* CallManager.swift in Sources */,
				CA110829000000000000C012 /* CallView.swift in Sources */,
				35A0019BCC3823CD268EF0A5 /* Theme.swift in Sources */,
				8290508D999D2D95288C4322 /* StickerSheet.swift in Sources */,
				6ECECFA96ACA1E7FCB6EC4C9 /* VoiceRecorder.swift in Sources */,
				2239D73AB32FB5FF31969C0B /* SplashView.swift in Sources */,
				C3524DA5B6D6F1BA5319F756 /* CapabilityLabView.swift in Sources */,
				7A1C0821E0F1A2B3C4D5E6F2 /* ImageDiskCache.swift in Sources */,
				CA0000000000000000000026 /* AlcoveLabAttributes.swift in Sources */,
			);
			runOnlyForDeploymentPostprocessing = 0;
		};
		CA0000000000000000000051 /* Sources */ = {isa = PBXSourcesBuildPhase; buildActionMask = 2147483647; files = (CA0000000000000000000021 /* AlcoveCapabilityWidget.swift in Sources */, CA0000000000000000000022 /* AlcoveLabAttributes.swift in Sources */, ); runOnlyForDeploymentPostprocessing = 0; };
		CA0000000000000000000052 /* Sources */ = {isa = PBXSourcesBuildPhase; buildActionMask = 2147483647; files = (CA0000000000000000000023 /* SampleHandler.swift in Sources */, ); runOnlyForDeploymentPostprocessing = 0; };
/* End PBXSourcesBuildPhase section */

/* Begin PBXTargetDependency section */
		CA0000000000000000000093 /* PBXTargetDependency */ = {isa = PBXTargetDependency; target = CA0000000000000000000071 /* AlcoveCapabilityWidget */; targetProxy = CA0000000000000000000091 /* PBXContainerItemProxy */; };
		CA0000000000000000000094 /* PBXTargetDependency */ = {isa = PBXTargetDependency; target = CA0000000000000000000072 /* BroadcastUpload */; targetProxy = CA0000000000000000000092 /* PBXContainerItemProxy */; };
/* End PBXTargetDependency section */

/* Begin PBXVariantGroup section */
		504EC30B1FED79650016851F /* Main.storyboard */ = {
			isa = PBXVariantGroup;
			children = (
				504EC30C1FED79650016851F /* Base */,
			);
			name = Main.storyboard;
			sourceTree = "<group>";
		};
		504EC3101FED79650016851F /* LaunchScreen.storyboard */ = {
			isa = PBXVariantGroup;
			children = (
				504EC3111FED79650016851F /* Base */,
			);
			name = LaunchScreen.storyboard;
			sourceTree = "<group>";
		};
/* End PBXVariantGroup section */

/* Begin XCBuildConfiguration section */
		504EC3141FED79650016851F /* Debug */ = {
			isa = XCBuildConfiguration;
			buildSettings = {
				ALWAYS_SEARCH_USER_PATHS = NO;
				CLANG_ANALYZER_NONNULL = YES;
				CLANG_ANALYZER_NUMBER_OBJECT_CONVERSION = YES_AGGRESSIVE;
				CLANG_CXX_LANGUAGE_STANDARD = "gnu++14";
				CLANG_CXX_LIBRARY = "libc++";
				CLANG_ENABLE_MODULES = YES;
				CLANG_ENABLE_OBJC_ARC = YES;
				CLANG_WARN_BLOCK_CAPTURE_AUTORELEASING = YES;
				CLANG_WARN_BOOL_CONVERSION = YES;
				CLANG_WARN_COMMA = YES;
				CLANG_WARN_CONSTANT_CONVERSION = YES;
				CLANG_WARN_DIRECT_OBJC_ISA_USAGE = YES_ERROR;
				CLANG_WARN_DOCUMENTATION_COMMENTS = YES;
				CLANG_WARN_EMPTY_BODY = YES;
				CLANG_WARN_ENUM_CONVERSION = YES;
				CLANG_WARN_INFINITE_RECURSION = YES;
				CLANG_WARN_INT_CONVERSION = YES;
				CLANG_WARN_NON_LITERAL_NULL_CONVERSION = YES;
				CLANG_WARN_OBJC_LITERAL_CONVERSION = YES;
				CLANG_WARN_OBJC_ROOT_CLASS = YES_ERROR;
				CLANG_WARN_RANGE_LOOP_ANALYSIS = YES;
				CLANG_WARN_STRICT_PROTOTYPES = YES;
				CLANG_WARN_SUSPICIOUS_MOVE = YES;
				CLANG_WARN_UNGUARDED_AVAILABILITY = YES_AGGRESSIVE;
				CLANG_WARN_UNREACHABLE_CODE = YES;
				CLANG_WARN__DUPLICATE_METHOD_MATCH = YES;
				CODE_SIGN_IDENTITY = "iPhone Developer";
				COPY_PHASE_STRIP = NO;
				DEBUG_INFORMATION_FORMAT = dwarf;
				ENABLE_STRICT_OBJC_MSGSEND = YES;
				ENABLE_TESTABILITY = YES;
				GCC_C_LANGUAGE_STANDARD = gnu11;
				GCC_DYNAMIC_NO_PIC = NO;
				GCC_NO_COMMON_BLOCKS = YES;
				GCC_OPTIMIZATION_LEVEL = 0;
				GCC_PREPROCESSOR_DEFINITIONS = (
					"DEBUG=1",
					"$(inherited)",
				);
				GCC_WARN_64_TO_32_BIT_CONVERSION = YES;
				GCC_WARN_ABOUT_RETURN_TYPE = YES_ERROR;
				GCC_WARN_UNDECLARED_SELECTOR = YES;
				GCC_WARN_UNINITIALIZED_AUTOS = YES_AGGRESSIVE;
				GCC_WARN_UNUSED_FUNCTION = YES;
				GCC_WARN_UNUSED_VARIABLE = YES;
				IPHONEOS_DEPLOYMENT_TARGET = 26.0;
				MTL_ENABLE_DEBUG_INFO = YES;
				ONLY_ACTIVE_ARCH = YES;
				SDKROOT = iphoneos;
				SWIFT_ACTIVE_COMPILATION_CONDITIONS = DEBUG;
				SWIFT_OPTIMIZATION_LEVEL = "-Onone";
			};
			name = Debug;
		};
		504EC3151FED79650016851F /* Release */ = {
			isa = XCBuildConfiguration;
			buildSettings = {
				ALWAYS_SEARCH_USER_PATHS = NO;
				CLANG_ANALYZER_NONNULL = YES;
				CLANG_ANALYZER_NUMBER_OBJECT_CONVERSION = YES_AGGRESSIVE;
				CLANG_CXX_LANGUAGE_STANDARD = "gnu++14";
				CLANG_CXX_LIBRARY = "libc++";
				CLANG_ENABLE_MODULES = YES;
				CLANG_ENABLE_OBJC_ARC = YES;
				CLANG_WARN_BLOCK_CAPTURE_AUTORELEASING = YES;
				CLANG_WARN_BOOL_CONVERSION = YES;
				CLANG_WARN_COMMA = YES;
				CLANG_WARN_CONSTANT_CONVERSION = YES;
				CLANG_WARN_DIRECT_OBJC_ISA_USAGE = YES_ERROR;
				CLANG_WARN_DOCUMENTATION_COMMENTS = YES;
				CLANG_WARN_EMPTY_BODY = YES;
				CLANG_WARN_ENUM_CONVERSION = YES;
				CLANG_WARN_INFINITE_RECURSION = YES;
				CLANG_WARN_INT_CONVERSION = YES;
				CLANG_WARN_NON_LITERAL_NULL_CONVERSION = YES;
				CLANG_WARN_OBJC_LITERAL_CONVERSION = YES;
				CLANG_WARN_OBJC_ROOT_CLASS = YES_ERROR;
				CLANG_WARN_RANGE_LOOP_ANALYSIS = YES;
				CLANG_WARN_STRICT_PROTOTYPES = YES;
				CLANG_WARN_SUSPICIOUS_MOVE = YES;
				CLANG_WARN_UNGUARDED_AVAILABILITY = YES_AGGRESSIVE;
				CLANG_WARN_UNREACHABLE_CODE = YES;
				CLANG_WARN__DUPLICATE_METHOD_MATCH = YES;
				CODE_SIGN_IDENTITY = "iPhone Developer";
				COPY_PHASE_STRIP = NO;
				DEBUG_INFORMATION_FORMAT = "dwarf-with-dsym";
				ENABLE_NS_ASSERTIONS = NO;
				ENABLE_STRICT_OBJC_MSGSEND = YES;
				GCC_C_LANGUAGE_STANDARD = gnu11;
				GCC_NO_COMMON_BLOCKS = YES;
				GCC_WARN_64_TO_32_BIT_CONVERSION = YES;
				GCC_WARN_ABOUT_RETURN_TYPE = YES_ERROR;
				GCC_WARN_UNDECLARED_SELECTOR = YES;
				GCC_WARN_UNINITIALIZED_AUTOS = YES_AGGRESSIVE;
				GCC_WARN_UNUSED_FUNCTION = YES;
				GCC_WARN_UNUSED_VARIABLE = YES;
				IPHONEOS_DEPLOYMENT_TARGET = 26.0;
				MTL_ENABLE_DEBUG_INFO = NO;
				SDKROOT = iphoneos;
				SWIFT_OPTIMIZATION_LEVEL = "-Owholemodule";
				VALIDATE_PRODUCT = YES;
			};
			name = Release;
		};
		504EC3171FED79650016851F /* Debug */ = {
			isa = XCBuildConfiguration;
			baseConfigurationReference = FC68EB0AF532CFC21C3344DD /* Pods-App.debug.xcconfig */;
			buildSettings = {
				ASSETCATALOG_COMPILER_APPICON_NAME = AppIcon;
				CODE_SIGN_STYLE = Automatic;
				CURRENT_PROJECT_VERSION = 1;
				INFOPLIST_FILE = App/Info.plist;
				IPHONEOS_DEPLOYMENT_TARGET = 26.0;
				LD_RUNPATH_SEARCH_PATHS = "$(inherited) @executable_path/Frameworks";
				MARKETING_VERSION = 1.0;
				OTHER_SWIFT_FLAGS = "$(inherited) \"-D\" \"COCOAPODS\" \"-DDEBUG\"";
				PRODUCT_BUNDLE_IDENTIFIER = com.luna.alcove;
				PRODUCT_NAME = "$(TARGET_NAME)";
				SWIFT_ACTIVE_COMPILATION_CONDITIONS = DEBUG;
				SWIFT_VERSION = 5.0;
				TARGETED_DEVICE_FAMILY = "1,2";
			};
			name = Debug;
		};
		504EC3181FED79650016851F /* Release */ = {
			isa = XCBuildConfiguration;
			baseConfigurationReference = AF51FD2D460BCFE21FA515B2 /* Pods-App.release.xcconfig */;
			buildSettings = {
				ASSETCATALOG_COMPILER_APPICON_NAME = AppIcon;
				CODE_SIGN_STYLE = Automatic;
				CURRENT_PROJECT_VERSION = 1;
				INFOPLIST_FILE = App/Info.plist;
				IPHONEOS_DEPLOYMENT_TARGET = 26.0;
				LD_RUNPATH_SEARCH_PATHS = "$(inherited) @executable_path/Frameworks";
				MARKETING_VERSION = 1.0;
				PRODUCT_BUNDLE_IDENTIFIER = com.luna.alcove;
				PRODUCT_NAME = "$(TARGET_NAME)";
				SWIFT_ACTIVE_COMPILATION_CONDITIONS = "";
				SWIFT_VERSION = 5.0;
				TARGETED_DEVICE_FAMILY = "1,2";
			};
			name = Release;
		};
		CA00000000000000000000A1 /* Debug */ = {
			isa = XCBuildConfiguration;
			buildSettings = {
				APPLICATION_EXTENSION_API_ONLY = YES;
				CODE_SIGN_STYLE = Automatic;
				CURRENT_PROJECT_VERSION = 1;
				GENERATE_INFOPLIST_FILE = NO;
				IPHONEOS_DEPLOYMENT_TARGET = 26.0;
				LD_RUNPATH_SEARCH_PATHS = "$(inherited) @executable_path/Frameworks @executable_path/../../Frameworks";
				MARKETING_VERSION = 1.0;
				PRODUCT_NAME = "$(TARGET_NAME)";
				SKIP_INSTALL = YES;
				SWIFT_VERSION = 5.0;
				TARGETED_DEVICE_FAMILY = "1,2";
				INFOPLIST_FILE = CapabilityExtensions/Widget/Info.plist;
				PRODUCT_BUNDLE_IDENTIFIER = com.luna.alcove.CapabilityWidget;
				SWIFT_ACTIVE_COMPILATION_CONDITIONS = DEBUG;
			};
			name = Debug;
		};
		CA00000000000000000000A2 /* Release */ = {
			isa = XCBuildConfiguration;
			buildSettings = {
				APPLICATION_EXTENSION_API_ONLY = YES;
				CODE_SIGN_STYLE = Automatic;
				CURRENT_PROJECT_VERSION = 1;
				GENERATE_INFOPLIST_FILE = NO;
				IPHONEOS_DEPLOYMENT_TARGET = 26.0;
				LD_RUNPATH_SEARCH_PATHS = "$(inherited) @executable_path/Frameworks @executable_path/../../Frameworks";
				MARKETING_VERSION = 1.0;
				PRODUCT_NAME = "$(TARGET_NAME)";
				SKIP_INSTALL = YES;
				SWIFT_VERSION = 5.0;
				TARGETED_DEVICE_FAMILY = "1,2";
				INFOPLIST_FILE = CapabilityExtensions/Widget/Info.plist;
				PRODUCT_BUNDLE_IDENTIFIER = com.luna.alcove.CapabilityWidget;
			};
			name = Release;
		};
		CA00000000000000000000A3 /* Debug */ = {
			isa = XCBuildConfiguration;
			buildSettings = {
				APPLICATION_EXTENSION_API_ONLY = YES;
				CODE_SIGN_STYLE = Automatic;
				CURRENT_PROJECT_VERSION = 1;
				GENERATE_INFOPLIST_FILE = NO;
				IPHONEOS_DEPLOYMENT_TARGET = 26.0;
				LD_RUNPATH_SEARCH_PATHS = "$(inherited) @executable_path/Frameworks @executable_path/../../Frameworks";
				MARKETING_VERSION = 1.0;
				PRODUCT_NAME = "$(TARGET_NAME)";
				SKIP_INSTALL = YES;
				SWIFT_VERSION = 5.0;
				TARGETED_DEVICE_FAMILY = "1,2";
				INFOPLIST_FILE = CapabilityExtensions/Broadcast/Info.plist;
				PRODUCT_BUNDLE_IDENTIFIER = com.luna.alcove.BroadcastUpload;
				SWIFT_ACTIVE_COMPILATION_CONDITIONS = DEBUG;
			};
			name = Debug;
		};
		CA00000000000000000000A4 /* Release */ = {
			isa = XCBuildConfiguration;
			buildSettings = {
				APPLICATION_EXTENSION_API_ONLY = YES;
				CODE_SIGN_STYLE = Automatic;
				CURRENT_PROJECT_VERSION = 1;
				GENERATE_INFOPLIST_FILE = NO;
				IPHONEOS_DEPLOYMENT_TARGET = 26.0;
				LD_RUNPATH_SEARCH_PATHS = "$(inherited) @executable_path/Frameworks @executable_path/../../Frameworks";
				MARKETING_VERSION = 1.0;
				PRODUCT_NAME = "$(TARGET_NAME)";
				SKIP_INSTALL = YES;
				SWIFT_VERSION = 5.0;
				TARGETED_DEVICE_FAMILY = "1,2";
				INFOPLIST_FILE = CapabilityExtensions/Broadcast/Info.plist;
				PRODUCT_BUNDLE_IDENTIFIER = com.luna.alcove.BroadcastUpload;
			};
			name = Release;
		};
/* End XCBuildConfiguration section */

/* Begin XCConfigurationList section */
		504EC2FF1FED79650016851F /* Build configuration list for PBXProject "App" */ = {
			isa = XCConfigurationList;
			buildConfigurations = (
				504EC3141FED79650016851F /* Debug */,
				504EC3151FED79650016851F /* Release */,
			);
			defaultConfigurationIsVisible = 0;
			defaultConfigurationName = Release;
		};
		504EC3161FED79650016851F /* Build configuration list for PBXNativeTarget "App" */ = {
			isa = XCConfigurationList;
			buildConfigurations = (
				504EC3171FED79650016851F /* Debug */,
				504EC3181FED79650016851F /* Release */,
			);
			defaultConfigurationIsVisible = 0;
			defaultConfigurationName = Release;
		};
		CA00000000000000000000B1 /* Build configuration list for PBXNativeTarget "AlcoveCapabilityWidget" */ = {isa = XCConfigurationList; buildConfigurations = (CA00000000000000000000A1 /* Debug */, CA00000000000000000000A2 /* Release */, ); defaultConfigurationIsVisible = 0; defaultConfigurationName = Release; };
		CA00000000000000000000B2 /* Build configuration list for PBXNativeTarget "BroadcastUpload" */ = {isa = XCConfigurationList; buildConfigurations = (CA00000000000000000000A3 /* Debug */, CA00000000000000000000A4 /* Release */, ); defaultConfigurationIsVisible = 0; defaultConfigurationName = Release; };
/* End XCConfigurationList section */
	};
	rootObject = 504EC2FC1FED79650016851F /* Project object */;
}
